// !$*UTF8*$!
{
	archiveVersion = 1;
	classes = {
	};
	objectVersion = 55;
	objects = {

/* Begin PBXBuildFile section */
		C601EACC286D208B00371841 /* HomeButtonStyle.swift in Sources */ = {isa = PBXBuildFile; fileRef = C601EACB286D208B00371841 /* HomeButtonStyle.swift */; };
		C601EACF286E5F1C00371841 /* DetailView.swift in Sources */ = {isa = PBXBuildFile; fileRef = C601EACE286E5F1C00371841 /* DetailView.swift */; };
		C601EAD1286E5F5900371841 /* DetailViewModel.swift in Sources */ = {isa = PBXBuildFile; fileRef = C601EAD0286E5F5900371841 /* DetailViewModel.swift */; };
		C6133E812853F8B600B27976 /* NextButtonStyle.swift in Sources */ = {isa = PBXBuildFile; fileRef = C6133E802853F8B600B27976 /* NextButtonStyle.swift */; };
		C6133E842856741A00B27976 /* HomeView.swift in Sources */ = {isa = PBXBuildFile; fileRef = C6133E832856741A00B27976 /* HomeView.swift */; };
		C6269729288A117500F0BF78 /* CatalogViewModel.swift in Sources */ = {isa = PBXBuildFile; fileRef = C6269728288A117500F0BF78 /* CatalogViewModel.swift */; };
		C637D501286942BE00E109D5 /* CardRow.swift in Sources */ = {isa = PBXBuildFile; fileRef = C637D500286942BE00E109D5 /* CardRow.swift */; };
		C6841D5F283EE41C00ADE3F9 /* AboutView.swift in Sources */ = {isa = PBXBuildFile; fileRef = C6841D5E283EE41C00ADE3F9 /* AboutView.swift */; };
		C6841D65283EE6A200ADE3F9 /* Card.swift in Sources */ = {isa = PBXBuildFile; fileRef = C6841D64283EE6A200ADE3F9 /* Card.swift */; };
		C6841D67283EE7C600ADE3F9 /* CardRepository.swift in Sources */ = {isa = PBXBuildFile; fileRef = C6841D66283EE7C600ADE3F9 /* CardRepository.swift */; };
		C6841D6B28418EC400ADE3F9 /* QuizViewModel.swift in Sources */ = {isa = PBXBuildFile; fileRef = C6841D6A28418EC400ADE3F9 /* QuizViewModel.swift */; };
		C6910ED8285FE3E900941BED /* FavoritesView.swift in Sources */ = {isa = PBXBuildFile; fileRef = C6910ED7285FE3E900941BED /* FavoritesView.swift */; };
		C6910EDB285FE44100941BED /* CatalogView.swift in Sources */ = {isa = PBXBuildFile; fileRef = C6910EDA285FE44100941BED /* CatalogView.swift */; };
		C6910F042861560400941BED /* FavoritesProvider.swift in Sources */ = {isa = PBXBuildFile; fileRef = C6910F032861560400941BED /* FavoritesProvider.swift */; };
		C6910F06286634BB00941BED /* FavoritesViewModel.swift in Sources */ = {isa = PBXBuildFile; fileRef = C6910F05286634BA00941BED /* FavoritesViewModel.swift */; };
		C691222B28399F2C0000B820 /* ShroomQuizApp.swift in Sources */ = {isa = PBXBuildFile; fileRef = C691222A28399F2C0000B820 /* ShroomQuizApp.swift */; };
		C691222D28399F2C0000B820 /* QuizView.swift in Sources */ = {isa = PBXBuildFile; fileRef = C691222C28399F2C0000B820 /* QuizView.swift */; };
		C691222F28399F2E0000B820 /* Assets.xcassets in Resources */ = {isa = PBXBuildFile; fileRef = C691222E28399F2E0000B820 /* Assets.xcassets */; };
		C691223228399F2E0000B820 /* Preview Assets.xcassets in Resources */ = {isa = PBXBuildFile; fileRef = C691223128399F2E0000B820 /* Preview Assets.xcassets */; };
		C691223B2839A5080000B820 /* QuizButtonStyle.swift in Sources */ = {isa = PBXBuildFile; fileRef = C691223A2839A5080000B820 /* QuizButtonStyle.swift */; };
		C691223D2839A6F40000B820 /* Color+.swift in Sources */ = {isa = PBXBuildFile; fileRef = C691223C2839A6F40000B820 /* Color+.swift */; };
		C6CAE116284EE86D0010F29D /* CardImage.swift in Sources */ = {isa = PBXBuildFile; fileRef = C6CAE115284EE86D0010F29D /* CardImage.swift */; };
/* End PBXBuildFile section */

/* Begin PBXFileReference section */
		C601EACB286D208B00371841 /* HomeButtonStyle.swift */ = {isa = PBXFileReference; lastKnownFileType = sourcecode.swift; path = HomeButtonStyle.swift; sourceTree = "<group>"; };
		C601EACE286E5F1C00371841 /* DetailView.swift */ = {isa = PBXFileReference; lastKnownFileType = sourcecode.swift; path = DetailView.swift; sourceTree = "<group>"; };
		C601EAD0286E5F5900371841 /* DetailViewModel.swift */ = {isa = PBXFileReference; lastKnownFileType = sourcecode.swift; path = DetailViewModel.swift; sourceTree = "<group>"; };
		C6133E802853F8B600B27976 /* NextButtonStyle.swift */ = {isa = PBXFileReference; lastKnownFileType = sourcecode.swift; path = NextButtonStyle.swift; sourceTree = "<group>"; };
		C6133E832856741A00B27976 /* HomeView.swift */ = {isa = PBXFileReference; lastKnownFileType = sourcecode.swift; path = HomeView.swift; sourceTree = "<group>"; };
		C6269728288A117500F0BF78 /* CatalogViewModel.swift */ = {isa = PBXFileReference; lastKnownFileType = sourcecode.swift; path = CatalogViewModel.swift; sourceTree = "<group>"; };
		C6269737288CBAD500F0BF78 /* README.md */ = {isa = PBXFileReference; fileEncoding = 4; lastKnownFileType = net.daringfireball.markdown; path = README.md; sourceTree = "<group>"; };
		C637D500286942BE00E109D5 /* CardRow.swift */ = {isa = PBXFileReference; lastKnownFileType = sourcecode.swift; path = CardRow.swift; sourceTree = "<group>"; };
		C6841D5E283EE41C00ADE3F9 /* AboutView.swift */ = {isa = PBXFileReference; lastKnownFileType = sourcecode.swift; path = AboutView.swift; sourceTree = "<group>"; };
		C6841D64283EE6A200ADE3F9 /* Card.swift */ = {isa = PBXFileReference; lastKnownFileType = sourcecode.swift; path = Card.swift; sourceTree = "<group>"; };
		C6841D66283EE7C600ADE3F9 /* CardRepository.swift */ = {isa = PBXFileReference; lastKnownFileType = sourcecode.swift; path = CardRepository.swift; sourceTree = "<group>"; };
		C6841D6A28418EC400ADE3F9 /* QuizViewModel.swift */ = {isa = PBXFileReference; lastKnownFileType = sourcecode.swift; path = QuizViewModel.swift; sourceTree = "<group>"; };
		C6910ED7285FE3E900941BED /* FavoritesView.swift */ = {isa = PBXFileReference; lastKnownFileType = sourcecode.swift; path = FavoritesView.swift; sourceTree = "<group>"; };
		C6910EDA285FE44100941BED /* CatalogView.swift */ = {isa = PBXFileReference; lastKnownFileType = sourcecode.swift; path = CatalogView.swift; sourceTree = "<group>"; };
		C6910F032861560400941BED /* FavoritesProvider.swift */ = {isa = PBXFileReference; lastKnownFileType = sourcecode.swift; path = FavoritesProvider.swift; sourceTree = "<group>"; };
		C6910F05286634BA00941BED /* FavoritesViewModel.swift */ = {isa = PBXFileReference; lastKnownFileType = sourcecode.swift; path = FavoritesViewModel.swift; sourceTree = "<group>"; };
		C691222728399F2C0000B820 /* ShroomQuiz.app */ = {isa = PBXFileReference; explicitFileType = wrapper.application; includeInIndex = 0; path = ShroomQuiz.app; sourceTree = BUILT_PRODUCTS_DIR; };
		C691222A28399F2C0000B820 /* ShroomQuizApp.swift */ = {isa = PBXFileReference; lastKnownFileType = sourcecode.swift; path = ShroomQuizApp.swift; sourceTree = "<group>"; };
		C691222C28399F2C0000B820 /* QuizView.swift */ = {isa = PBXFileReference; lastKnownFileType = sourcecode.swift; path = QuizView.swift; sourceTree = "<group>"; };
		C691222E28399F2E0000B820 /* Assets.xcassets */ = {isa = PBXFileReference; lastKnownFileType = folder.assetcatalog; path = Assets.xcassets; sourceTree = "<group>"; };
		C691223128399F2E0000B820 /* Preview Assets.xcassets */ = {isa = PBXFileReference; lastKnownFileType = folder.assetcatalog; path = "Preview Assets.xcassets"; sourceTree = "<group>"; };
		C691223A2839A5080000B820 /* QuizButtonStyle.swift */ = {isa = PBXFileReference; lastKnownFileType = sourcecode.swift; path = QuizButtonStyle.swift; sourceTree = "<group>"; };
		C691223C2839A6F40000B820 /* Color+.swift */ = {isa = PBXFileReference; lastKnownFileType = sourcecode.swift; path = "Color+.swift"; sourceTree = "<group>"; };
		C6CAE115284EE86D0010F29D /* CardImage.swift */ = {isa = PBXFileReference; lastKnownFileType = sourcecode.swift; path = CardImage.swift; sourceTree = "<group>"; };
/* End PBXFileReference section */

/* Begin PBXFrameworksBuildPhase section */
		C691222428399F2C0000B820 /* Frameworks */ = {
			isa = PBXFrameworksBuildPhase;
			buildActionMask = 2147483647;
			files = (
			);
			runOnlyForDeploymentPostprocessing = 0;
		};
/* End PBXFrameworksBuildPhase section */

/* Begin PBXGroup section */
		C601EACD286E5F0400371841 /* Detail */ = {
			isa = PBXGroup;
			children = (
				C601EACE286E5F1C00371841 /* DetailView.swift */,
				C601EAD0286E5F5900371841 /* DetailViewModel.swift */,
			);
			path = Detail;
			sourceTree = "<group>";
		};
		C6133E822856740300B27976 /* Home */ = {
			isa = PBXGroup;
			children = (
				C601EACB286D208B00371841 /* HomeButtonStyle.swift */,
				C6133E832856741A00B27976 /* HomeView.swift */,
			);
			path = Home;
			sourceTree = "<group>";
		};
		C6841D60283EE62200ADE3F9 /* Quiz */ = {
			isa = PBXGroup;
			children = (
				C691222C28399F2C0000B820 /* QuizView.swift */,
				C6841D6A28418EC400ADE3F9 /* QuizViewModel.swift */,
				C691223A2839A5080000B820 /* QuizButtonStyle.swift */,
				C6133E802853F8B600B27976 /* NextButtonStyle.swift */,
			);
			path = Quiz;
			sourceTree = "<group>";
		};
		C6841D61283EE63400ADE3F9 /* About */ = {
			isa = PBXGroup;
			children = (
				C6841D5E283EE41C00ADE3F9 /* AboutView.swift */,
			);
			path = About;
			sourceTree = "<group>";
		};
		C6841D63283EE65500ADE3F9 /* Shared */ = {
			isa = PBXGroup;
			children = (
				C6CAE115284EE86D0010F29D /* CardImage.swift */,
				C691223C2839A6F40000B820 /* Color+.swift */,
				C637D500286942BE00E109D5 /* CardRow.swift */,
			);
			path = Shared;
			sourceTree = "<group>";
		};
		C6910ED6285FE3C900941BED /* Favorites */ = {
			isa = PBXGroup;
			children = (
				C6910ED7285FE3E900941BED /* FavoritesView.swift */,
				C6910F05286634BA00941BED /* FavoritesViewModel.swift */,
			);
			path = Favorites;
			sourceTree = "<group>";
		};
		C6910ED9285FE42E00941BED /* Catalog */ = {
			isa = PBXGroup;
			children = (
				C6910EDA285FE44100941BED /* CatalogView.swift */,
				C6269728288A117500F0BF78 /* CatalogViewModel.swift */,
			);
			path = Catalog;
			sourceTree = "<group>";
		};
		C6910F01286155C500941BED /* UI */ = {
			isa = PBXGroup;
			children = (
				C601EACD286E5F0400371841 /* Detail */,
				C6133E822856740300B27976 /* Home */,
				C6841D60283EE62200ADE3F9 /* Quiz */,
				C6910ED6285FE3C900941BED /* Favorites */,
				C6910ED9285FE42E00941BED /* Catalog */,
				C6841D61283EE63400ADE3F9 /* About */,
				C6841D63283EE65500ADE3F9 /* Shared */,
			);
			path = UI;
			sourceTree = "<group>";
		};
		C6910F02286155E400941BED /* Data */ = {
			isa = PBXGroup;
			children = (
				C6841D64283EE6A200ADE3F9 /* Card.swift */,
				C6841D66283EE7C600ADE3F9 /* CardRepository.swift */,
				C6910F032861560400941BED /* FavoritesProvider.swift */,
			);
			path = Data;
			sourceTree = "<group>";
		};
		C691221E28399F2C0000B820 = {
			isa = PBXGroup;
			children = (
				C6269737288CBAD500F0BF78 /* README.md */,
				C691222928399F2C0000B820 /* ShroomQuiz */,
				C691222828399F2C0000B820 /* Products */,
			);
			sourceTree = "<group>";
		};
		C691222828399F2C0000B820 /* Products */ = {
			isa = PBXGroup;
			children = (
				C691222728399F2C0000B820 /* ShroomQuiz.app */,
			);
			name = Products;
			sourceTree = "<group>";
		};
		C691222928399F2C0000B820 /* ShroomQuiz */ = {
			isa = PBXGroup;
			children = (
				C691222A28399F2C0000B820 /* ShroomQuizApp.swift */,
				C6910F01286155C500941BED /* UI */,
				C6910F02286155E400941BED /* Data */,
				C691222E28399F2E0000B820 /* Assets.xcassets */,
				C691223028399F2E0000B820 /* Preview Content */,
			);
			path = ShroomQuiz;
			sourceTree = "<group>";
		};
		C691223028399F2E0000B820 /* Preview Content */ = {
			isa = PBXGroup;
			children = (
				C691223128399F2E0000B820 /* Preview Assets.xcassets */,
			);
			path = "Preview Content";
			sourceTree = "<group>";
		};
/* End PBXGroup section */

/* Begin PBXNativeTarget section */
		C691222628399F2C0000B820 /* ShroomQuiz */ = {
			isa = PBXNativeTarget;
			buildConfigurationList = C691223528399F2E0000B820 /* Build configuration list for PBXNativeTarget "ShroomQuiz" */;
			buildPhases = (
				C691222328399F2C0000B820 /* Sources */,
				C691222428399F2C0000B820 /* Frameworks */,
				C691222528399F2C0000B820 /* Resources */,
			);
			buildRules = (
			);
			dependencies = (
			);
			name = ShroomQuiz;
			productName = ShroomQuiz;
			productReference = C691222728399F2C0000B820 /* ShroomQuiz.app */;
			productType = "com.apple.product-type.application";
		};
/* End PBXNativeTarget section */

/* Begin PBXProject section */
		C691221F28399F2C0000B820 /* Project object */ = {
			isa = PBXProject;
			attributes = {
				BuildIndependentTargetsInParallel = 1;
				LastSwiftUpdateCheck = 1330;
				LastUpgradeCheck = 1330;
				TargetAttributes = {
					C691222628399F2C0000B820 = {
						CreatedOnToolsVersion = 13.3.1;
					};
				};
			};
			buildConfigurationList = C691222228399F2C0000B820 /* Build configuration list for PBXProject "ShroomQuiz" */;
			compatibilityVersion = "Xcode 13.0";
			developmentRegion = en;
			hasScannedForEncodings = 0;
			knownRegions = (
				en,
				Base,
			);
			mainGroup = C691221E28399F2C0000B820;
			productRefGroup = C691222828399F2C0000B820 /* Products */;
			projectDirPath = "";
			projectRoot = "";
			targets = (
				C691222628399F2C0000B820 /* ShroomQuiz */,
			);
		};
/* End PBXProject section */

/* Begin PBXResourcesBuildPhase section */
		C691222528399F2C0000B820 /* Resources */ = {
			isa = PBXResourcesBuildPhase;
			buildActionMask = 2147483647;
			files = (
				C691223228399F2E0000B820 /* Preview Assets.xcassets in Resources */,
				C691222F28399F2E0000B820 /* Assets.xcassets in Resources */,
			);
			runOnlyForDeploymentPostprocessing = 0;
		};
/* End PBXResourcesBuildPhase section */

/* Begin PBXSourcesBuildPhase section */
		C691222328399F2C0000B820 /* Sources */ = {
			isa = PBXSourcesBuildPhase;
			buildActionMask = 2147483647;
			files = (
				C6910F06286634BB00941BED /* FavoritesViewModel.swift in Sources */,
				C691222D28399F2C0000B820 /* QuizView.swift in Sources */,
				C6841D65283EE6A200ADE3F9 /* Card.swift in Sources */,
				C691223D2839A6F40000B820 /* Color+.swift in Sources */,
				C6841D6B28418EC400ADE3F9 /* QuizViewModel.swift in Sources */,
				C691222B28399F2C0000B820 /* ShroomQuizApp.swift in Sources */,
				C6910EDB285FE44100941BED /* CatalogView.swift in Sources */,
				C6910F042861560400941BED /* FavoritesProvider.swift in Sources */,
				C6269729288A117500F0BF78 /* CatalogViewModel.swift in Sources */,
				C6133E842856741A00B27976 /* HomeView.swift in Sources */,
				C601EACF286E5F1C00371841 /* DetailView.swift in Sources */,
				C601EAD1286E5F5900371841 /* DetailViewModel.swift in Sources */,
				C691223B2839A5080000B820 /* QuizButtonStyle.swift in Sources */,
				C637D501286942BE00E109D5 /* CardRow.swift in Sources */,
				C6841D67283EE7C600ADE3F9 /* CardRepository.swift in Sources */,
				C6841D5F283EE41C00ADE3F9 /* AboutView.swift in Sources */,
				C6910ED8285FE3E900941BED /* FavoritesView.swift in Sources */,
				C601EACC286D208B00371841 /* HomeButtonStyle.swift in Sources */,
				C6133E812853F8B600B27976 /* NextButtonStyle.swift in Sources */,
				C6CAE116284EE86D0010F29D /* CardImage.swift in Sources */,
			);
			runOnlyForDeploymentPostprocessing = 0;
		};
/* End PBXSourcesBuildPhase section */

/* Begin XCBuildConfiguration section */
		C691223328399F2E0000B820 /* Debug */ = {
			isa = XCBuildConfiguration;
			buildSettings = {
				ALWAYS_SEARCH_USER_PATHS = NO;
				CLANG_ANALYZER_NONNULL = YES;
				CLANG_ANALYZER_NUMBER_OBJECT_CONVERSION = YES_AGGRESSIVE;
				CLANG_CXX_LANGUAGE_STANDARD = "gnu++17";
				CLANG_ENABLE_MODULES = YES;
				CLANG_ENABLE_OBJC_ARC = YES;
				CLANG_ENABLE_OBJC_WEAK = YES;
				CLANG_WARN_BLOCK_CAPTURE_AUTORELEASING = YES;
				CLANG_WARN_BOOL_CONVERSION = YES;
				CLANG_WARN_COMMA = YES;
				CLANG_WARN_CONSTANT_CONVERSION = YES;
				CLANG_WARN_DEPRECATED_OBJC_IMPLEMENTATIONS = YES;
				CLANG_WARN_DIRECT_OBJC_ISA_USAGE = YES_ERROR;
				CLANG_WARN_DOCUMENTATION_COMMENTS = YES;
				CLANG_WARN_EMPTY_BODY = YES;
				CLANG_WARN_ENUM_CONVERSION = YES;
				CLANG_WARN_INFINITE_RECURSION = YES;
				CLANG_WARN_INT_CONVERSION = YES;
				CLANG_WARN_NON_LITERAL_NULL_CONVERSION = YES;
				CLANG_WARN_OBJC_IMPLICIT_RETAIN_SELF = YES;
				CLANG_WARN_OBJC_LITERAL_CONVERSION = YES;
				CLANG_WARN_OBJC_ROOT_CLASS = YES_ERROR;
				CLANG_WARN_QUOTED_INCLUDE_IN_FRAMEWORK_HEADER = YES;
				CLANG_WARN_RANGE_LOOP_ANALYSIS = YES;
				CLANG_WARN_STRICT_PROTOTYPES = YES;
				CLANG_WARN_SUSPICIOUS_MOVE = YES;
				CLANG_WARN_UNGUARDED_AVAILABILITY = YES_AGGRESSIVE;
				CLANG_WARN_UNREACHABLE_CODE = YES;
				CLANG_WARN__DUPLICATE_METHOD_MATCH = YES;
				COPY_PHASE_STRIP = NO;
				DEBUG_INFORMATION_FORMAT = dwarf;
				ENABLE_STRICT_OBJC_MSGSEND = YES;
				ENABLE_TESTABILITY = YES;
				GCC_C_LANGUAGE_STANDARD = gnu11;
				GCC_DYNAMIC_NO_PIC = NO;
				GCC_NO_COMMON_BLOCKS = YES;
				GCC_OPTIMIZATION_LEVEL = 0;
				GCC_PREPROCESSOR_DEFINITIONS = (
					"DEBUG=1",
					"$(inherited)",
				);
				GCC_WARN_64_TO_32_BIT_CONVERSION = YES;
				GCC_WARN_ABOUT_RETURN_TYPE = YES_ERROR;
				GCC_WARN_UNDECLARED_SELECTOR = YES;
				GCC_WARN_UNINITIALIZED_AUTOS = YES_AGGRESSIVE;
				GCC_WARN_UNUSED_FUNCTION = YES;
				GCC_WARN_UNUSED_VARIABLE = YES;
				IPHONEOS_DEPLOYMENT_TARGET = 15.0;
				MTL_ENABLE_DEBUG_INFO = INCLUDE_SOURCE;
				MTL_FAST_MATH = YES;
				ONLY_ACTIVE_ARCH = YES;
				SDKROOT = iphoneos;
				SWIFT_ACTIVE_COMPILATION_CONDITIONS = DEBUG;
				SWIFT_OPTIMIZATION_LEVEL = "-Onone";
			};
			name = Debug;
		};
		C691223428399F2E0000B820 /* Release */ = {
			isa = XCBuildConfiguration;
			buildSettings = {
				ALWAYS_SEARCH_USER_PATHS = NO;
				CLANG_ANALYZER_NONNULL = YES;
				CLANG_ANALYZER_NUMBER_OBJECT_CONVERSION = YES_AGGRESSIVE;
				CLANG_CXX_LANGUAGE_STANDARD = "gnu++17";
				CLANG_ENABLE_MODULES = YES;
				CLANG_ENABLE_OBJC_ARC = YES;
				CLANG_ENABLE_OBJC_WEAK = YES;
				CLANG_WARN_BLOCK_CAPTURE_AUTORELEASING = YES;
				CLANG_WARN_BOOL_CONVERSION = YES;
				CLANG_WARN_COMMA = YES;
				CLANG_WARN_CONSTANT_CONVERSION = YES;
				CLANG_WARN_DEPRECATED_OBJC_IMPLEMENTATIONS = YES;
				CLANG_WARN_DIRECT_OBJC_ISA_USAGE = YES_ERROR;
				CLANG_WARN_DOCUMENTATION_COMMENTS = YES;
				CLANG_WARN_EMPTY_BODY = YES;
				CLANG_WARN_ENUM_CONVERSION = YES;
				CLANG_WARN_INFINITE_RECURSION = YES;
				CLANG_WARN_INT_CONVERSION = YES;
				CLANG_WARN_NON_LITERAL_NULL_CONVERSION = YES;
				CLANG_WARN_OBJC_IMPLICIT_RETAIN_SELF = YES;
				CLANG_WARN_OBJC_LITERAL_CONVERSION = YES;
				CLANG_WARN_OBJC_ROOT_CLASS = YES_ERROR;
				CLANG_WARN_QUOTED_INCLUDE_IN_FRAMEWORK_HEADER = YES;
				CLANG_WARN_RANGE_LOOP_ANALYSIS = YES;
				CLANG_WARN_STRICT_PROTOTYPES = YES;
				CLANG_WARN_SUSPICIOUS_MOVE = YES;
				CLANG_WARN_UNGUARDED_AVAILABILITY = YES_AGGRESSIVE;
				CLANG_WARN_UNREACHABLE_CODE = YES;
				CLANG_WARN__DUPLICATE_METHOD_MATCH = YES;
				COPY_PHASE_STRIP = NO;
				DEBUG_INFORMATION_FORMAT = "dwarf-with-dsym";
				ENABLE_NS_ASSERTIONS = NO;
				ENABLE_STRICT_OBJC_MSGSEND = YES;
				GCC_C_LANGUAGE_STANDARD = gnu11;
				GCC_NO_COMMON_BLOCKS = YES;
				GCC_WARN_64_TO_32_BIT_CONVERSION = YES;
				GCC_WARN_ABOUT_RETURN_TYPE = YES_ERROR;
				GCC_WARN_UNDECLARED_SELECTOR = YES;
				GCC_WARN_UNINITIALIZED_AUTOS = YES_AGGRESSIVE;
				GCC_WARN_UNUSED_FUNCTION = YES;
				GCC_WARN_UNUSED_VARIABLE = YES;
				IPHONEOS_DEPLOYMENT_TARGET = 15.0;
				MTL_ENABLE_DEBUG_INFO = NO;
				MTL_FAST_MATH = YES;
				SDKROOT = iphoneos;
				SWIFT_COMPILATION_MODE = wholemodule;
				SWIFT_OPTIMIZATION_LEVEL = "-O";
				VALIDATE_PRODUCT = YES;
			};
			name = Release;
		};
		C691223628399F2E0000B820 /* Debug */ = {
			isa = XCBuildConfiguration;
			buildSettings = {
				ASSETCATALOG_COMPILER_APPICON_NAME = AppIcon;
				ASSETCATALOG_COMPILER_GLOBAL_ACCENT_COLOR_NAME = AccentColor;
				CODE_SIGN_STYLE = Automatic;
				CURRENT_PROJECT_VERSION = 1;
				DEVELOPMENT_ASSET_PATHS = "\"ShroomQuiz/Preview Content\"";
				DEVELOPMENT_TEAM = 63GS8MHFV9;
				ENABLE_PREVIEWS = YES;
				GENERATE_INFOPLIST_FILE = YES;
				INFOPLIST_KEY_UIApplicationSceneManifest_Generation = YES;
				INFOPLIST_KEY_UIApplicationSupportsIndirectInputEvents = YES;
				INFOPLIST_KEY_UILaunchScreen_Generation = YES;
				INFOPLIST_KEY_UISupportedInterfaceOrientations_iPad = "UIInterfaceOrientationPortrait UIInterfaceOrientationPortraitUpsideDown UIInterfaceOrientationLandscapeLeft UIInterfaceOrientationLandscapeRight";
				INFOPLIST_KEY_UISupportedInterfaceOrientations_iPhone = "UIInterfaceOrientationPortrait UIInterfaceOrientationLandscapeLeft UIInterfaceOrientationLandscapeRight";
				LD_RUNPATH_SEARCH_PATHS = (
					"$(inherited)",
					"@executable_path/Frameworks",
				);
				MARKETING_VERSION = 1.0;
				PRODUCT_BUNDLE_IDENTIFIER = com.artadriana.ShroomQuiz;
				PRODUCT_NAME = "$(TARGET_NAME)";
				SWIFT_EMIT_LOC_STRINGS = YES;
				SWIFT_VERSION = 5.0;
				TARGETED_DEVICE_FAMILY = "1,2";
			};
			name = Debug;
		};
		C691223728399F2E0000B820 /* Release */ = {
			isa = XCBuildConfiguration;
			buildSettings = {
				ASSETCATALOG_COMPILER_APPICON_NAME = AppIcon;
				ASSETCATALOG_COMPILER_GLOBAL_ACCENT_COLOR_NAME = AccentColor;
				CODE_SIGN_STYLE = Automatic;
				CURRENT_PROJECT_VERSION = 1;
				DEVELOPMENT_ASSET_PATHS = "\"ShroomQuiz/Preview Content\"";
				DEVELOPMENT_TEAM = 63GS8MHFV9;
				ENABLE_PREVIEWS = YES;
				GENERATE_INFOPLIST_FILE = YES;
				INFOPLIST_KEY_UIApplicationSceneManifest_Generation = YES;
				INFOPLIST_KEY_UIApplicationSupportsIndirectInputEvents = YES;
				INFOPLIST_KEY_UILaunchScreen_Generation = YES;
				INFOPLIST_KEY_UISupportedInterfaceOrientations_iPad = "UIInterfaceOrientationPortrait UIInterfaceOrientationPortraitUpsideDown UIInterfaceOrientationLandscapeLeft UIInterfaceOrientationLandscapeRight";
				INFOPLIST_KEY_UISupportedInterfaceOrientations_iPhone = "UIInterfaceOrientationPortrait UIInterfaceOrientationLandscapeLeft UIInterfaceOrientationLandscapeRight";
				LD_RUNPATH_SEARCH_PATHS = (
					"$(inherited)",
					"@executable_path/Frameworks",
				);
				MARKETING_VERSION = 1.0;
				PRODUCT_BUNDLE_IDENTIFIER = com.artadriana.ShroomQuiz;
				PRODUCT_NAME = "$(TARGET_NAME)";
				SWIFT_EMIT_LOC_STRINGS = YES;
				SWIFT_VERSION = 5.0;
				TARGETED_DEVICE_FAMILY = "1,2";
			};
			name = Release;
		};
/* End XCBuildConfiguration section */

/* Begin XCConfigurationList section */
		C691222228399F2C0000B820 /* Build configuration list for PBXProject "ShroomQuiz" */ = {
			isa = XCConfigurationList;
			buildConfigurations = (
				C691223328399F2E0000B820 /* Debug */,
				C691223428399F2E0000B820 /* Release */,
			);
			defaultConfigurationIsVisible = 0;
			defaultConfigurationName = Release;
		};
		C691223528399F2E0000B820 /* Build configuration list for PBXNativeTarget "ShroomQuiz" */ = {
			isa = XCConfigurationList;
			buildConfigurations = (
				C691223628399F2E0000B820 /* Debug */,
				C691223728399F2E0000B820 /* Release */,
			);
			defaultConfigurationIsVisible = 0;
			defaultConfigurationName = Release;
		};
/* End XCConfigurationList section */
	};
	rootObject = C691221F28399F2C0000B820 /* Project object */;
}
